{
  "name": "prstudio-tests",
  "lockfileVersion": 3,
  "requires": true,
  "packages": {
    "": {
      "name": "prstudio-tests",
      "devDependencies": {
        "@fontsource/bricolage-grotesque": "^5.3.0",
        "@fontsource/instrument-sans": "^5.3.0",
        "@fontsource/spline-sans-mono": "^5.3.0",
        "playwright": "^1.50.0"
      }
    },
    "node_modules/@fontsource/bricolage-grotesque": {
      "version": "5.3.0",
      "resolved": "https://registry.npmjs.org/@fontsource/bricolage-grotesque/-/bricolage-grotesque-5.3.0.tgz",
      "integrity": "sha512-MdOVb/5in11IfN/IQJOExMuu6AroCIQbirl0yX7NUvKk+h0HYIKfGaVAXRS/gCPil4aFxWhjZnOw28tUwv7tFw==",
      "dev": true,
      "license": "OFL-1.1",
      "funding": {
        "url": "https://github.com/sponsors/ayuhito"
      }
    },
    "node_modules/@fontsource/instrument-sans": {
      "version": "5.3.0",
      "resolved": "https://registry.npmjs.org/@fontsource/instrument-sans/-/instrument-sans-5.3.0.tgz",
      "integrity": "sha512-QwXc4hb/px3XvSPS2CPAOgey8nyrQFxgxrmXQQ+pN+P51hKdAcchxpg8rSbjANFfPu6VKXhDqkVDucXMZ9CM5g==",
      "dev": true,
      "license": "OFL-1.1",
      "funding": {
        "url": "https://github.com/sponsors/ayuhito"
      }
    },
    "node_modules/@fontsource/spline-sans-mono": {
      "version": "5.3.0",
      "resolved": "https://registry.npmjs.org/@fontsource/spline-sans-mono/-/spline-sans-mono-5.3.0.tgz",
      "integrity": "sha512-9MJxL52KuuVskwM3LbCwEP/L3ClsHsCd18gwmm5df/ZFh/TIg3LE9DT4pLyB5ptKCvEEi7JwclAe8HhCfzlBWg==",
      "dev": true,
      "license": "OFL-1.1",
      "funding": {
        "url": "https://github.com/sponsors/ayuhito"
      }
    },
    "node_modules/fsevents": {
      "version": "2.3.2",
      "resolved": "https://registry.npmjs.org/fsevents/-/fsevents-2.3.2.tgz",
      "integrity": "sha512-xiqMQR4xAeHTuB9uWm+fFRcIOgKBMiOBP+eXiyT7jsgVCq1bkVygt00oASowB7EdtpOHaaPgKt812P9ab+DDKA==",
      "dev": true,
      "hasInstallScript": true,
      "license": "MIT",
      "optional": true,
      "os": [
        "darwin"
      ],
      "engines": {
        "node": "^8.16.0 || ^10.6.0 || >=11.0.0"
      }
    },
    "node_modules/playwright": {
      "version": "1.62.1",
      "resolved": "https://registry.npmjs.org/playwright/-/playwright-1.62.1.tgz",
      "integrity": "sha512-0M+L3LAD8/nm554LOla9Ayx0j0tmFZ0FBcoQ7F1VuVHpM/XpiC8RcDzBQB8W5+hA8L22THxELzeF+2WcUzvcLg==",
      "dev": true,
      "license": "Apache-2.0",
      "dependencies": {
        "playwright-core": "1.62.1"
      },
      "bin": {
        "playwright": "cli.js"
      },
      "engines": {
        "node": ">=20"
      },
      "optionalDependencies": {
        "fsevents": "2.3.2"
      }
    },
    "node_modules/playwright-core": {
      "version": "1.62.1",
      "resolved": "https://registry.npmjs.org/playwright-core/-/playwright-core-1.62.1.tgz",
      "integrity": "sha512-wPYSwEBJY9GHraISXqyqtx0na0LpO3XEX7jNDhntbex7tzUS7kLnZsOlFruFJB4Hi/rhDMjXGqHewDZ68nYZVw==",
      "dev": true,
      "license": "Apache-2.0",
      "bin": {
        "playwright-core": "cli.js"
      },
      "engines": {
        "node": ">=20"
      }
    }
  }
}
